PODS:
  - PageMenu (2.0.0)
  - SwipeableTabBarController (1.0.4)

DEPENDENCIES:
  - PageMenu
  - SwipeableTabBarController (~> 1.0)

SPEC CHECKSUMS:
  PageMenu: 9c38fd7e0d9ef4b1408320f55bb907bbc0e538dc
  SwipeableTabBarController: a52688ad47614ba98611df30a788202db90620fe

PODFILE CHECKSUM: 4b2e0bdd11ae9ebb76874eddf9f433d87c479a80

COCOAPODS: 1.1.1
